
Microsoft Visual Studio Solution File, Format Version 12.00
# Visual Studio Version 17
VisualStudioVersion = 17.14.36518.9 d17.14
MinimumVisualStudioVersion = 10.0.40219.1
Project("{2150E333-8FDC-42A3-9474-1A3956D46DE8}") = "Task0", "Task0", "{02EA681E-C7D8-13C7-8484-4AC65E1B71E8}"
EndProject
Project("{FAE04EC0-301F-11D3-BF4B-00C04F79EFBC}") = "Tuiu.ZvyaginaNY.Sprint4.Task0.V28", "Tuiu.ZvyaginaNY.Sprint4.Task0.V28\Tuiu.ZvyaginaNY.Sprint4.Task0.V28.csproj", "{0E4C1BCD-BF84-4EAD-864F-549ECC88DBF9}"
EndProject
Project("{FAE04EC0-301F-11D3-BF4B-00C04F79EFBC}") = "Tuiu.ZvyaginaNY.Sprint4.Task0.V28.Lib", "Tuiu.ZvyaginaNY.Sprint4.Task0.V28.Lib\Tuiu.ZvyaginaNY.Sprint4.Task0.V28.Lib.csproj", "{925D693B-A29F-4E0A-A2DD-7E062848B1E0}"
EndProject
Project("{FAE04EC0-301F-11D3-BF4B-00C04F79EFBC}") = "Tuiu.ZvyaginaNY.Sprint4.Task0.V28.Test", "Tuiu.ZvyaginaNY.Sprint4.Task0.V28.Test\Tuiu.ZvyaginaNY.Sprint4.Task0.V28.Test.csproj", "{FC9AD49E-A08D-4F17-9B71-C85146C03193}"
EndProject
Global
	GlobalSection(SolutionConfigurationPlatforms) = preSolution
		Debug|Any CPU = Debug|Any CPU
		Release|Any CPU = Release|Any CPU
	EndGlobalSection
	GlobalSection(ProjectConfigurationPlatforms) = postSolution
		{0E4C1BCD-BF84-4EAD-864F-549ECC88DBF9}.Debug|Any CPU.ActiveCfg = Debug|Any CPU
		{0E4C1BCD-BF84-4EAD-864F-549ECC88DBF9}.Debug|Any CPU.Build.0 = Debug|Any CPU
		{0E4C1BCD-BF84-4EAD-864F-549ECC88DBF9}.Release|Any CPU.ActiveCfg = Release|Any CPU
		{0E4C1BCD-BF84-4EAD-864F-549ECC88DBF9}.Release|Any CPU.Build.0 = Release|Any CPU
		{925D693B-A29F-4E0A-A2DD-7E062848B1E0}.Debug|Any CPU.ActiveCfg = Debug|Any CPU
		{925D693B-A29F-4E0A-A2DD-7E062848B1E0}.Debug|Any CPU.Build.0 = Debug|Any CPU
		{925D693B-A29F-4E0A-A2DD-7E062848B1E0}.Release|Any CPU.ActiveCfg = Release|Any CPU
		{925D693B-A29F-4E0A-A2DD-7E062848B1E0}.Release|Any CPU.Build.0 = Release|Any CPU
		{FC9AD49E-A08D-4F17-9B71-C85146C03193}.Debug|Any CPU.ActiveCfg = Debug|Any CPU
		{FC9AD49E-A08D-4F17-9B71-C85146C03193}.Debug|Any CPU.Build.0 = Debug|Any CPU
		{FC9AD49E-A08D-4F17-9B71-C85146C03193}.Release|Any CPU.ActiveCfg = Release|Any CPU
		{FC9AD49E-A08D-4F17-9B71-C85146C03193}.Release|Any CPU.Build.0 = Release|Any CPU
	EndGlobalSection
	GlobalSection(SolutionProperties) = preSolution
		HideSolutionNode = FALSE
	EndGlobalSection
	GlobalSection(NestedProjects) = preSolution
		{0E4C1BCD-BF84-4EAD-864F-549ECC88DBF9} = {02EA681E-C7D8-13C7-8484-4AC65E1B71E8}
		{925D693B-A29F-4E0A-A2DD-7E062848B1E0} = {02EA681E-C7D8-13C7-8484-4AC65E1B71E8}
		{FC9AD49E-A08D-4F17-9B71-C85146C03193} = {02EA681E-C7D8-13C7-8484-4AC65E1B71E8}
	EndGlobalSection
	GlobalSection(ExtensibilityGlobals) = postSolution
		SolutionGuid = {06C935F7-E3C2-4A73-A1BD-02E1FCB8AED7}
	EndGlobalSection
EndGlobal
