
Microsoft Visual Studio Solution File, Format Version 12.00
# Visual Studio Version 17
VisualStudioVersion = 17.14.36518.9 d17.14
MinimumVisualStudioVersion = 10.0.40219.1
Project("{2150E333-8FDC-42A3-9474-1A3956D46DE8}") = "Task0", "Task0", "{02EA681E-C7D8-13C7-8484-4AC65E1B71E8}"
EndProject
Project("{FAE04EC0-301F-11D3-BF4B-00C04F79EFBC}") = "Tuiu.ZvyaginaNY.Sprint4.Task0.V28", "Tuiu.ZvyaginaNY.Sprint4.Task0.V28\Tuiu.ZvyaginaNY.Sprint4.Task0.V28.csproj", "{0E4C1BCD-BF84-4EAD-864F-549ECC88DBF9}"
EndProject
Project("{FAE04EC0-301F-11D3-BF4B-00C04F79EFBC}") = "Tuiu.ZvyaginaNY.Sprint4.Task0.V28.Lib", "Tuiu.ZvyaginaNY.Sprint4.Task0.V28.Lib\Tuiu.ZvyaginaNY.Sprint4.Task0.V28.Lib.csproj", "{925D693B-A29F-4E0A-A2DD-7E062848B1E0}"
EndProject
Project("{FAE04EC0-301F-11D3-BF4B-00C04F79EFBC}") = "Tuiu.ZvyaginaNY.Sprint4.Task0.V28.Test", "Tuiu.ZvyaginaNY.Sprint4.Task0.V28.Test\Tuiu.ZvyaginaNY.Sprint4.Task0.V28.Test.csproj", "{FC9AD49E-A08D-4F17-9B71-C85146C03193}"
EndProject
Project("{2150E333-8FDC-42A3-9474-1A3956D46DE8}") = "Task1", "Task1", "{7277573E-8C7B-46D5-91F3-3A645C34AF27}"
EndProject
Project("{FAE04EC0-301F-11D3-BF4B-00C04F79EFBC}") = "Tuiu.ZvyaginaNY.Sprint4.Task1.V3", "Tuiu.ZvyaginaNY.Sprint4.Task1.V3\Tuiu.ZvyaginaNY.Sprint4.Task1.V3.csproj", "{D9E9DEA5-0057-4BC9-A480-47096CEA367D}"
EndProject
Project("{FAE04EC0-301F-11D3-BF4B-00C04F79EFBC}") = "Tuiu.ZvyaginaNY.Sprint4.Task1.V3.Lib", "Tuiu.ZvyaginaNY.Sprint4.Task1.V3.Lib\Tuiu.ZvyaginaNY.Sprint4.Task1.V3.Lib.csproj", "{37ABE874-D062-44BB-A252-C571E1A11E3C}"
EndProject
Project("{FAE04EC0-301F-11D3-BF4B-00C04F79EFBC}") = "Tuiu.ZvyaginaNY.Sprint4.Task1.V3.Test", "Tuiu.ZvyaginaNY.Sprint4.Task1.V3.Test\Tuiu.ZvyaginaNY.Sprint4.Task1.V3.Test.csproj", "{92C109A1-7107-4A63-9EBD-1816229A897A}"
EndProject
Project("{2150E333-8FDC-42A3-9474-1A3956D46DE8}") = "Task2", "Task2", "{8D3B2D15-40CC-49CE-AF6D-12E58DFBE42C}"
EndProject
Project("{FAE04EC0-301F-11D3-BF4B-00C04F79EFBC}") = "Tuiu.ZvyaginaNY.Sprint4.Task2.V13", "Tuiu.ZvyaginaNY.Sprint4.Task2.V13\Tuiu.ZvyaginaNY.Sprint4.Task2.V13.csproj", "{FEAD7A14-7AD3-428E-93D8-DFFB9E25F31E}"
EndProject
Project("{FAE04EC0-301F-11D3-BF4B-00C04F79EFBC}") = "Tuiu.ZvyaginaNY.Sprint4.Task2.V13.Lib", "Tuiu.ZvyaginaNY.Sprint4.Task2.V13.Lib\Tuiu.ZvyaginaNY.Sprint4.Task2.V13.Lib.csproj", "{7C93A3A6-5453-4684-B48F-B527BC29BAF1}"
EndProject
Project("{FAE04EC0-301F-11D3-BF4B-00C04F79EFBC}") = "Tuiu.ZvyaginaNY.Sprint4.Task2.V13.Test", "Tuiu.ZvyaginaNY.Sprint4.Task2.V13.Test\Tuiu.ZvyaginaNY.Sprint4.Task2.V13.Test.csproj", "{859FCF52-8409-4416-BB69-D4070438CB7F}"
EndProject
Project("{2150E333-8FDC-42A3-9474-1A3956D46DE8}") = "Task3", "Task3", "{0A5DFE87-DE24-4125-B6C0-6828BA178302}"
EndProject
Project("{FAE04EC0-301F-11D3-BF4B-00C04F79EFBC}") = "Tuiu.ZvyaginaNY.Sprint4.Task3.V25", "Tuiu.ZvyaginaNY.Sprint4.Task3.V25\Tuiu.ZvyaginaNY.Sprint4.Task3.V25.csproj", "{8FC93817-E58D-457A-B4CC-7C9D5C59366A}"
EndProject
Project("{FAE04EC0-301F-11D3-BF4B-00C04F79EFBC}") = "Tuiu.ZvyaginaNY.Sprint4.Task3.V25.Lib", "Tuiu.ZvyaginaNY.Sprint4.Task3.V25.Lib\Tuiu.ZvyaginaNY.Sprint4.Task3.V25.Lib.csproj", "{EEDFB73E-A2B7-4BE4-BAAF-FCB4BE053597}"
EndProject
Project("{FAE04EC0-301F-11D3-BF4B-00C04F79EFBC}") = "Tuiu.ZvyaginaNY.Sprint4.Task3.V25.Test", "Tuiu.ZvyaginaNY.Sprint4.Task3.V25.Test\Tuiu.ZvyaginaNY.Sprint4.Task3.V25.Test.csproj", "{CB99BCF7-D076-4CCB-9A12-2C8BDDD64803}"
EndProject
Global
	GlobalSection(SolutionConfigurationPlatforms) = preSolution
		Debug|Any CPU = Debug|Any CPU
		Release|Any CPU = Release|Any CPU
	EndGlobalSection
	GlobalSection(ProjectConfigurationPlatforms) = postSolution
		{0E4C1BCD-BF84-4EAD-864F-549ECC88DBF9}.Debug|Any CPU.ActiveCfg = Debug|Any CPU
		{0E4C1BCD-BF84-4EAD-864F-549ECC88DBF9}.Debug|Any CPU.Build.0 = Debug|Any CPU
		{0E4C1BCD-BF84-4EAD-864F-549ECC88DBF9}.Release|Any CPU.ActiveCfg = Release|Any CPU
		{0E4C1BCD-BF84-4EAD-864F-549ECC88DBF9}.Release|Any CPU.Build.0 = Release|Any CPU
		{925D693B-A29F-4E0A-A2DD-7E062848B1E0}.Debug|Any CPU.ActiveCfg = Debug|Any CPU
		{925D693B-A29F-4E0A-A2DD-7E062848B1E0}.Debug|Any CPU.Build.0 = Debug|Any CPU
		{925D693B-A29F-4E0A-A2DD-7E062848B1E0}.Release|Any CPU.ActiveCfg = Release|Any CPU
		{925D693B-A29F-4E0A-A2DD-7E062848B1E0}.Release|Any CPU.Build.0 = Release|Any CPU
		{FC9AD49E-A08D-4F17-9B71-C85146C03193}.Debug|Any CPU.ActiveCfg = Debug|Any CPU
		{FC9AD49E-A08D-4F17-9B71-C85146C03193}.Debug|Any CPU.Build.0 = Debug|Any CPU
		{FC9AD49E-A08D-4F17-9B71-C85146C03193}.Release|Any CPU.ActiveCfg = Release|Any CPU
		{FC9AD49E-A08D-4F17-9B71-C85146C03193}.Release|Any CPU.Build.0 = Release|Any CPU
		{D9E9DEA5-0057-4BC9-A480-47096CEA367D}.Debug|Any CPU.ActiveCfg = Debug|Any CPU
		{D9E9DEA5-0057-4BC9-A480-47096CEA367D}.Debug|Any CPU.Build.0 = Debug|Any CPU
		{D9E9DEA5-0057-4BC9-A480-47096CEA367D}.Release|Any CPU.ActiveCfg = Release|Any CPU
		{D9E9DEA5-0057-4BC9-A480-47096CEA367D}.Release|Any CPU.Build.0 = Release|Any CPU
		{37ABE874-D062-44BB-A252-C571E1A11E3C}.Debug|Any CPU.ActiveCfg = Debug|Any CPU
		{37ABE874-D062-44BB-A252-C571E1A11E3C}.Debug|Any CPU.Build.0 = Debug|Any CPU
		{37ABE874-D062-44BB-A252-C571E1A11E3C}.Release|Any CPU.ActiveCfg = Release|Any CPU
		{37ABE874-D062-44BB-A252-C571E1A11E3C}.Release|Any CPU.Build.0 = Release|Any CPU
		{92C109A1-7107-4A63-9EBD-1816229A897A}.Debug|Any CPU.ActiveCfg = Debug|Any CPU
		{92C109A1-7107-4A63-9EBD-1816229A897A}.Debug|Any CPU.Build.0 = Debug|Any CPU
		{92C109A1-7107-4A63-9EBD-1816229A897A}.Release|Any CPU.ActiveCfg = Release|Any CPU
		{92C109A1-7107-4A63-9EBD-1816229A897A}.Release|Any CPU.Build.0 = Release|Any CPU
		{FEAD7A14-7AD3-428E-93D8-DFFB9E25F31E}.Debug|Any CPU.ActiveCfg = Debug|Any CPU
		{FEAD7A14-7AD3-428E-93D8-DFFB9E25F31E}.Debug|Any CPU.Build.0 = Debug|Any CPU
		{FEAD7A14-7AD3-428E-93D8-DFFB9E25F31E}.Release|Any CPU.ActiveCfg = Release|Any CPU
		{FEAD7A14-7AD3-428E-93D8-DFFB9E25F31E}.Release|Any CPU.Build.0 = Release|Any CPU
		{7C93A3A6-5453-4684-B48F-B527BC29BAF1}.Debug|Any CPU.ActiveCfg = Debug|Any CPU
		{7C93A3A6-5453-4684-B48F-B527BC29BAF1}.Debug|Any CPU.Build.0 = Debug|Any CPU
		{7C93A3A6-5453-4684-B48F-B527BC29BAF1}.Release|Any CPU.ActiveCfg = Release|Any CPU
		{7C93A3A6-5453-4684-B48F-B527BC29BAF1}.Release|Any CPU.Build.0 = Release|Any CPU
		{859FCF52-8409-4416-BB69-D4070438CB7F}.Debug|Any CPU.ActiveCfg = Debug|Any CPU
		{859FCF52-8409-4416-BB69-D4070438CB7F}.Debug|Any CPU.Build.0 = Debug|Any CPU
		{859FCF52-8409-4416-BB69-D4070438CB7F}.Release|Any CPU.ActiveCfg = Release|Any CPU
		{859FCF52-8409-4416-BB69-D4070438CB7F}.Release|Any CPU.Build.0 = Release|Any CPU
		{8FC93817-E58D-457A-B4CC-7C9D5C59366A}.Debug|Any CPU.ActiveCfg = Debug|Any CPU
		{8FC93817-E58D-457A-B4CC-7C9D5C59366A}.Debug|Any CPU.Build.0 = Debug|Any CPU
		{8FC93817-E58D-457A-B4CC-7C9D5C59366A}.Release|Any CPU.ActiveCfg = Release|Any CPU
		{8FC93817-E58D-457A-B4CC-7C9D5C59366A}.Release|Any CPU.Build.0 = Release|Any CPU
		{EEDFB73E-A2B7-4BE4-BAAF-FCB4BE053597}.Debug|Any CPU.ActiveCfg = Debug|Any CPU
		{EEDFB73E-A2B7-4BE4-BAAF-FCB4BE053597}.Debug|Any CPU.Build.0 = Debug|Any CPU
		{EEDFB73E-A2B7-4BE4-BAAF-FCB4BE053597}.Release|Any CPU.ActiveCfg = Release|Any CPU
		{EEDFB73E-A2B7-4BE4-BAAF-FCB4BE053597}.Release|Any CPU.Build.0 = Release|Any CPU
		{CB99BCF7-D076-4CCB-9A12-2C8BDDD64803}.Debug|Any CPU.ActiveCfg = Debug|Any CPU
		{CB99BCF7-D076-4CCB-9A12-2C8BDDD64803}.Debug|Any CPU.Build.0 = Debug|Any CPU
		{CB99BCF7-D076-4CCB-9A12-2C8BDDD64803}.Release|Any CPU.ActiveCfg = Release|Any CPU
		{CB99BCF7-D076-4CCB-9A12-2C8BDDD64803}.Release|Any CPU.Build.0 = Release|Any CPU
	EndGlobalSection
	GlobalSection(SolutionProperties) = preSolution
		HideSolutionNode = FALSE
	EndGlobalSection
	GlobalSection(NestedProjects) = preSolution
		{0E4C1BCD-BF84-4EAD-864F-549ECC88DBF9} = {02EA681E-C7D8-13C7-8484-4AC65E1B71E8}
		{925D693B-A29F-4E0A-A2DD-7E062848B1E0} = {02EA681E-C7D8-13C7-8484-4AC65E1B71E8}
		{FC9AD49E-A08D-4F17-9B71-C85146C03193} = {02EA681E-C7D8-13C7-8484-4AC65E1B71E8}
		{D9E9DEA5-0057-4BC9-A480-47096CEA367D} = {7277573E-8C7B-46D5-91F3-3A645C34AF27}
		{37ABE874-D062-44BB-A252-C571E1A11E3C} = {7277573E-8C7B-46D5-91F3-3A645C34AF27}
		{92C109A1-7107-4A63-9EBD-1816229A897A} = {7277573E-8C7B-46D5-91F3-3A645C34AF27}
		{FEAD7A14-7AD3-428E-93D8-DFFB9E25F31E} = {8D3B2D15-40CC-49CE-AF6D-12E58DFBE42C}
		{7C93A3A6-5453-4684-B48F-B527BC29BAF1} = {8D3B2D15-40CC-49CE-AF6D-12E58DFBE42C}
		{859FCF52-8409-4416-BB69-D4070438CB7F} = {8D3B2D15-40CC-49CE-AF6D-12E58DFBE42C}
		{8FC93817-E58D-457A-B4CC-7C9D5C59366A} = {0A5DFE87-DE24-4125-B6C0-6828BA178302}
		{EEDFB73E-A2B7-4BE4-BAAF-FCB4BE053597} = {0A5DFE87-DE24-4125-B6C0-6828BA178302}
		{CB99BCF7-D076-4CCB-9A12-2C8BDDD64803} = {0A5DFE87-DE24-4125-B6C0-6828BA178302}
	EndGlobalSection
	GlobalSection(ExtensibilityGlobals) = postSolution
		SolutionGuid = {06C935F7-E3C2-4A73-A1BD-02E1FCB8AED7}
	EndGlobalSection
EndGlobal
